
Microsoft Visual Studio Solution File, Format Version 12.00
# Visual Studio 14
VisualStudioVersion = 14.0.25420.1
MinimumVisualStudioVersion = 10.0.40219.1
Project("{8BC9CEB8-8B4A-11D0-8D11-00A0C91BC942}") = "lamplighter", "lamplighter.vcxproj", "{10E0CAE9-EE96-4BBE-B1FD-5E359AF4629F}"
EndProject
Project("{8BC9CEB8-8B4A-11D0-8D11-00A0C91BC942}") = "ltrarchiver", "ltrarchiver.vcxproj", "{DF93715E-CAAB-44EE-BF92-FA0072AF7DBE}"
EndProject
Project("{8BC9CEB8-8B4A-11D0-8D11-00A0C91BC942}") = "ltrrender", "ltrrender\ltrrender.vcxproj", "{4F61B776-AAD8-4ECD-88EA-EFF70E4E6A42}"
EndProject
Global
	GlobalSection(SolutionConfigurationPlatforms) = preSolution
		Debug_NMP|x64 = Debug_NMP|x64
		Debug_NMP|x86 = Debug_NMP|x86
		Debug|x64 = Debug|x64
		Debug|x86 = Debug|x86
		Release_NMP|x64 = Release_NMP|x64
		Release_NMP|x86 = Release_NMP|x86
		Release|x64 = Release|x64
		Release|x86 = Release|x86
	EndGlobalSection
	GlobalSection(ProjectConfigurationPlatforms) = postSolution
		{10E0CAE9-EE96-4BBE-B1FD-5E359AF4629F}.Debug_NMP|x64.ActiveCfg = Debug_NMP|x64
		{10E0CAE9-EE96-4BBE-B1FD-5E359AF4629F}.Debug_NMP|x64.Build.0 = Debug_NMP|x64
		{10E0CAE9-EE96-4BBE-B1FD-5E359AF4629F}.Debug_NMP|x86.ActiveCfg = Debug_NMP|Win32
		{10E0CAE9-EE96-4BBE-B1FD-5E359AF4629F}.Debug_NMP|x86.Build.0 = Debug_NMP|Win32
		{10E0CAE9-EE96-4BBE-B1FD-5E359AF4629F}.Debug|x64.ActiveCfg = Debug|x64
		{10E0CAE9-EE96-4BBE-B1FD-5E359AF4629F}.Debug|x64.Build.0 = Debug|x64
		{10E0CAE9-EE96-4BBE-B1FD-5E359AF4629F}.Debug|x86.ActiveCfg = Debug|Win32
		{10E0CAE9-EE96-4BBE-B1FD-5E359AF4629F}.Debug|x86.Build.0 = Debug|Win32
		{10E0CAE9-EE96-4BBE-B1FD-5E359AF4629F}.Release_NMP|x64.ActiveCfg = Release_NMP|x64
		{10E0CAE9-EE96-4BBE-B1FD-5E359AF4629F}.Release_NMP|x64.Build.0 = Release_NMP|x64
		{10E0CAE9-EE96-4BBE-B1FD-5E359AF4629F}.Release_NMP|x86.ActiveCfg = Release_NMP|Win32
		{10E0CAE9-EE96-4BBE-B1FD-5E359AF4629F}.Release_NMP|x86.Build.0 = Release_NMP|Win32
		{10E0CAE9-EE96-4BBE-B1FD-5E359AF4629F}.Release|x64.ActiveCfg = Release|x64
		{10E0CAE9-EE96-4BBE-B1FD-5E359AF4629F}.Release|x64.Build.0 = Release|x64
		{10E0CAE9-EE96-4BBE-B1FD-5E359AF4629F}.Release|x86.ActiveCfg = Release|Win32
		{10E0CAE9-EE96-4BBE-B1FD-5E359AF4629F}.Release|x86.Build.0 = Release|Win32
		{DF93715E-CAAB-44EE-BF92-FA0072AF7DBE}.Debug_NMP|x64.ActiveCfg = Debug_NMP|x64
		{DF93715E-CAAB-44EE-BF92-FA0072AF7DBE}.Debug_NMP|x64.Build.0 = Debug_NMP|x64
		{DF93715E-CAAB-44EE-BF92-FA0072AF7DBE}.Debug_NMP|x86.ActiveCfg = Debug_NMP|Win32
		{DF93715E-CAAB-44EE-BF92-FA0072AF7DBE}.Debug_NMP|x86.Build.0 = Debug_NMP|Win32
		{DF93715E-CAAB-44EE-BF92-FA0072AF7DBE}.Debug|x64.ActiveCfg = Debug|x64
		{DF93715E-CAAB-44EE-BF92-FA0072AF7DBE}.Debug|x64.Build.0 = Debug|x64
		{DF93715E-CAAB-44EE-BF92-FA0072AF7DBE}.Debug|x86.ActiveCfg = Debug|Win32
		{DF93715E-CAAB-44EE-BF92-FA0072AF7DBE}.Debug|x86.Build.0 = Debug|Win32
		{DF93715E-CAAB-44EE-BF92-FA0072AF7DBE}.Release_NMP|x64.ActiveCfg = Release_NMP|x64
		{DF93715E-CAAB-44EE-BF92-FA0072AF7DBE}.Release_NMP|x64.Build.0 = Release_NMP|x64
		{DF93715E-CAAB-44EE-BF92-FA0072AF7DBE}.Release_NMP|x86.ActiveCfg = Release_NMP|Win32
		{DF93715E-CAAB-44EE-BF92-FA0072AF7DBE}.Release_NMP|x86.Build.0 = Release_NMP|Win32
		{DF93715E-CAAB-44EE-BF92-FA0072AF7DBE}.Release|x64.ActiveCfg = Release|x64
		{DF93715E-CAAB-44EE-BF92-FA0072AF7DBE}.Release|x64.Build.0 = Release|x64
		{DF93715E-CAAB-44EE-BF92-FA0072AF7DBE}.Release|x86.ActiveCfg = Release|Win32
		{DF93715E-CAAB-44EE-BF92-FA0072AF7DBE}.Release|x86.Build.0 = Release|Win32
		{4F61B776-AAD8-4ECD-88EA-EFF70E4E6A42}.Debug_NMP|x64.ActiveCfg = Debug|x64
		{4F61B776-AAD8-4ECD-88EA-EFF70E4E6A42}.Debug_NMP|x64.Build.0 = Debug|x64
		{4F61B776-AAD8-4ECD-88EA-EFF70E4E6A42}.Debug_NMP|x86.ActiveCfg = Debug|Win32
		{4F61B776-AAD8-4ECD-88EA-EFF70E4E6A42}.Debug_NMP|x86.Build.0 = Debug|Win32
		{4F61B776-AAD8-4ECD-88EA-EFF70E4E6A42}.Debug|x64.ActiveCfg = Debug|x64
		{4F61B776-AAD8-4ECD-88EA-EFF70E4E6A42}.Debug|x64.Build.0 = Debug|x64
		{4F61B776-AAD8-4ECD-88EA-EFF70E4E6A42}.Debug|x86.ActiveCfg = Debug|Win32
		{4F61B776-AAD8-4ECD-88EA-EFF70E4E6A42}.Debug|x86.Build.0 = Debug|Win32
		{4F61B776-AAD8-4ECD-88EA-EFF70E4E6A42}.Release_NMP|x64.ActiveCfg = Release|x64
		{4F61B776-AAD8-4ECD-88EA-EFF70E4E6A42}.Release_NMP|x64.Build.0 = Release|x64
		{4F61B776-AAD8-4ECD-88EA-EFF70E4E6A42}.Release_NMP|x86.ActiveCfg = Release|Win32
		{4F61B776-AAD8-4ECD-88EA-EFF70E4E6A42}.Release_NMP|x86.Build.0 = Release|Win32
		{4F61B776-AAD8-4ECD-88EA-EFF70E4E6A42}.Release|x64.ActiveCfg = Release|x64
		{4F61B776-AAD8-4ECD-88EA-EFF70E4E6A42}.Release|x64.Build.0 = Release|x64
		{4F61B776-AAD8-4ECD-88EA-EFF70E4E6A42}.Release|x86.ActiveCfg = Release|Win32
		{4F61B776-AAD8-4ECD-88EA-EFF70E4E6A42}.Release|x86.Build.0 = Release|Win32
	EndGlobalSection
	GlobalSection(SolutionProperties) = preSolution
		HideSolutionNode = FALSE
	EndGlobalSection
EndGlobal
