<?xml version="1.0" encoding="utf-8"?>
<Project ToolsVersion="4.0" xmlns="http://schemas.microsoft.com/developer/msbuild/2003">
  <ItemGroup>
    <Filter Include="Resource Files">
      <UniqueIdentifier>{67DA6AB6-F800-4c08-8B7A-83BB121AAD01}</UniqueIdentifier>
      <Extensions>rc;ico;cur;bmp;dlg;rc2;rct;bin;rgs;gif;jpg;jpeg;jpe;resx;tiff;tif;png;wav;mfcribbon-ms</Extensions>
    </Filter>
    <Filter Include="framework">
      <UniqueIdentifier>{e8c423a2-e5b5-49bd-a92a-bdefe339c961}</UniqueIdentifier>
    </Filter>
    <Filter Include="framework\3rdparty">
      <UniqueIdentifier>{babdbe0c-47f8-4d93-8a42-b4cbeb4aca9e}</UniqueIdentifier>
    </Filter>
    <Filter Include="gamework">
      <UniqueIdentifier>{1ac77d2b-1a55-495e-97b0-05c629ce522c}</UniqueIdentifier>
    </Filter>
    <Filter Include="gamework\index">
      <UniqueIdentifier>{83628805-b22f-4e11-a781-f279c91fbd09}</UniqueIdentifier>
    </Filter>
    <Filter Include="0global">
      <UniqueIdentifier>{c7908f46-388d-4d76-b263-5b44cbeb8eaf}</UniqueIdentifier>
    </Filter>
    <Filter Include="framework\network">
      <UniqueIdentifier>{682ba685-4453-4889-b854-a77b88276eb3}</UniqueIdentifier>
    </Filter>
  </ItemGroup>
  <ItemGroup>
    <ClInclude Include="cfg.h" />
    <ClInclude Include="input.h" />
    <ClInclude Include="env.h" />
    <ClInclude Include="entity.h">
      <Filter>gamework</Filter>
    </ClInclude>
    <ClInclude Include="weather.h">
      <Filter>gamework</Filter>
    </ClInclude>
    <ClInclude Include="factions.h" />
    <ClInclude Include="global.h">
      <Filter>0global</Filter>
    </ClInclude>
    <ClInclude Include="maths.hpp">
      <Filter>framework</Filter>
    </ClInclude>
    <ClInclude Include="graphics.hpp">
      <Filter>framework</Filter>
    </ClInclude>
    <ClInclude Include="Transform.h">
      <Filter>framework</Filter>
    </ClInclude>
    <ClInclude Include="3rdparty\cute_c2.h">
      <Filter>framework\3rdparty</Filter>
    </ClInclude>
    <ClInclude Include="3rdparty\cute_sound.h">
      <Filter>framework\3rdparty</Filter>
    </ClInclude>
    <ClInclude Include="test_zone.h" />
    <ClInclude Include="time.hpp">
      <Filter>framework</Filter>
    </ClInclude>
    <ClInclude Include="archive.hpp">
      <Filter>framework</Filter>
    </ClInclude>
    <ClInclude Include="serializer.h">
      <Filter>framework</Filter>
    </ClInclude>
    <ClInclude Include="network_common.h">
      <Filter>framework\network</Filter>
    </ClInclude>
    <ClInclude Include="network_client.h">
      <Filter>framework\network</Filter>
    </ClInclude>
    <ClInclude Include="objects_items.h">
      <Filter>gamework</Filter>
    </ClInclude>
    <ClInclude Include="objects.h">
      <Filter>gamework</Filter>
    </ClInclude>
    <ClInclude Include="audio.hpp">
      <Filter>framework</Filter>
    </ClInclude>
    <ClInclude Include="resource.h">
      <Filter>Resource Files</Filter>
    </ClInclude>
    <ClInclude Include="graphics_structures.h">
      <Filter>framework</Filter>
    </ClInclude>
    <ClInclude Include="memory.hpp">
      <Filter>framework</Filter>
    </ClInclude>
    <ClInclude Include="core_decl.cpp">
      <Filter>gamework\index</Filter>
    </ClInclude>
    <ClInclude Include="core_func.cpp">
      <Filter>gamework\index</Filter>
    </ClInclude>
    <ClInclude Include="core.h">
      <Filter>gamework\index</Filter>
    </ClInclude>
    <ClInclude Include="memoryC.h">
      <Filter>framework</Filter>
    </ClInclude>
    <ClInclude Include="core_save_load.h" />
    <ClInclude Include="index.h">
      <Filter>gamework\index</Filter>
    </ClInclude>
  </ItemGroup>
  <ItemGroup>
    <ClCompile Include="tga_reader.cpp">
      <Filter>framework\3rdparty</Filter>
    </ClCompile>
    <ClCompile Include="glad.c">
      <Filter>framework\3rdparty</Filter>
    </ClCompile>
    <ClCompile Include="cfg.cpp" />
    <ClCompile Include="graphics.cpp">
      <Filter>framework</Filter>
    </ClCompile>
    <ClCompile Include="maths.cpp">
      <Filter>framework</Filter>
    </ClCompile>
    <ClCompile Include="memory.cpp">
      <Filter>framework</Filter>
    </ClCompile>
    <ClCompile Include="engine-main.cpp" />
    <ClCompile Include="env.cpp" />
    <ClCompile Include="entity.cpp">
      <Filter>gamework</Filter>
    </ClCompile>
    <ClCompile Include="weather.cpp">
      <Filter>gamework</Filter>
    </ClCompile>
    <ClCompile Include="factions.cpp" />
    <ClCompile Include="input.cpp" />
    <ClCompile Include="Transform.cpp">
      <Filter>framework</Filter>
    </ClCompile>
    <ClCompile Include="test_zone.cpp" />
    <ClCompile Include="time.cpp">
      <Filter>framework</Filter>
    </ClCompile>
    <ClCompile Include="archive.cpp">
      <Filter>framework</Filter>
    </ClCompile>
    <ClCompile Include="serializer.cpp">
      <Filter>framework</Filter>
    </ClCompile>
    <ClCompile Include="network_client.cpp">
      <Filter>framework\network</Filter>
    </ClCompile>
    <ClCompile Include="objects.cpp">
      <Filter>gamework</Filter>
    </ClCompile>
    <ClCompile Include="objects_items.cpp">
      <Filter>gamework</Filter>
    </ClCompile>
    <ClCompile Include="audio.cpp">
      <Filter>framework</Filter>
    </ClCompile>
    <ClCompile Include="core.cpp">
      <Filter>gamework\index</Filter>
    </ClCompile>
    <ClCompile Include="memoryC.c">
      <Filter>framework</Filter>
    </ClCompile>
    <ClCompile Include="core_save_load.cpp" />
    <ClCompile Include="index.c">
      <Filter>gamework\index</Filter>
    </ClCompile>
  </ItemGroup>
  <ItemGroup>
    <ResourceCompile Include="btype3d.rc">
      <Filter>Resource Files</Filter>
    </ResourceCompile>
  </ItemGroup>
  <ItemGroup>
    <Image Include="icons\icon.ico">
      <Filter>Resource Files</Filter>
    </Image>
    <Image Include="icons\icon2.ico">
      <Filter>Resource Files</Filter>
    </Image>
    <Image Include="icons\cat16.ico">
      <Filter>Resource Files</Filter>
    </Image>
    <Image Include="icons\bball.ico">
      <Filter>Resource Files</Filter>
    </Image>
  </ItemGroup>
  <ItemGroup>
    <None Include="0000gameassets.uwu" />
    <None Include="0000gamecontents.uwu" />
  </ItemGroup>
  <ItemGroup>
    <Text Include="000config.txt">
      <Filter>0global</Filter>
    </Text>
  </ItemGroup>
</Project>