<?xml version="1.0" encoding="utf-8"?>
<Project ToolsVersion="4.0" xmlns="http://schemas.microsoft.com/developer/msbuild/2003">
  <ItemGroup>
    <Filter Include="framework">
      <UniqueIdentifier>{e8c423a2-e5b5-49bd-a92a-bdefe339c961}</UniqueIdentifier>
    </Filter>
    <Filter Include="framework\3rdparty">
      <UniqueIdentifier>{babdbe0c-47f8-4d93-8a42-b4cbeb4aca9e}</UniqueIdentifier>
    </Filter>
    <Filter Include="gamework">
      <UniqueIdentifier>{1ac77d2b-1a55-495e-97b0-05c629ce522c}</UniqueIdentifier>
    </Filter>
    <Filter Include="0global">
      <UniqueIdentifier>{c7908f46-388d-4d76-b263-5b44cbeb8eaf}</UniqueIdentifier>
    </Filter>
  </ItemGroup>
  <ItemGroup>
    <ClInclude Include="cfg.h" />
    <ClInclude Include="input.h" />
    <ClInclude Include="env.h" />
    <ClInclude Include="weather.h">
      <Filter>gamework</Filter>
    </ClInclude>
    <ClInclude Include="factions.h" />
    <ClInclude Include="global.h">
      <Filter>0global</Filter>
    </ClInclude>
    <ClInclude Include="maths.hpp">
      <Filter>framework</Filter>
    </ClInclude>
    <ClInclude Include="graphics.hpp">
      <Filter>framework</Filter>
    </ClInclude>
    <ClInclude Include="Transform.h">
      <Filter>framework</Filter>
    </ClInclude>
    <ClInclude Include="3rdparty\cute_c2.h">
      <Filter>framework\3rdparty</Filter>
    </ClInclude>
    <ClInclude Include="3rdparty\cute_sound.h">
      <Filter>framework\3rdparty</Filter>
    </ClInclude>
    <ClInclude Include="test_zone.h" />
    <ClInclude Include="archive.hpp">
      <Filter>framework</Filter>
    </ClInclude>
    <ClInclude Include="objects_items.h">
      <Filter>gamework</Filter>
    </ClInclude>
    <ClInclude Include="audio.hpp">
      <Filter>framework</Filter>
    </ClInclude>
    <ClInclude Include="graphics_structures.h">
      <Filter>framework</Filter>
    </ClInclude>
    <ClInclude Include="memory.hpp">
      <Filter>framework</Filter>
    </ClInclude>
    <ClInclude Include="objects_entities.h">
      <Filter>gamework</Filter>
    </ClInclude>
    <ClInclude Include="network.h">
      <Filter>framework</Filter>
    </ClInclude>
    <ClInclude Include="archive_read_write.h">
      <Filter>framework</Filter>
    </ClInclude>
    <ClInclude Include="collision.h">
      <Filter>framework</Filter>
    </ClInclude>
    <ClInclude Include="core.h">
      <Filter>gamework</Filter>
    </ClInclude>
    <ClInclude Include="core_save_load.h">
      <Filter>gamework</Filter>
    </ClInclude>
    <ClInclude Include="index.h">
      <Filter>gamework</Filter>
    </ClInclude>
    <ClInclude Include="core_func.hpp">
      <Filter>gamework</Filter>
    </ClInclude>
    <ClInclude Include="core_decl.hpp">
      <Filter>gamework</Filter>
    </ClInclude>
    <ClInclude Include="global_project.h">
      <Filter>0global</Filter>
    </ClInclude>
    <ClInclude Include="nonpc.h">
      <Filter>gamework</Filter>
    </ClInclude>
    <ClInclude Include="objects_statics.h">
      <Filter>gamework</Filter>
    </ClInclude>
  </ItemGroup>
  <ItemGroup>
    <ClCompile Include="glad.c">
      <Filter>framework\3rdparty</Filter>
    </ClCompile>
    <ClCompile Include="cfg.cpp" />
    <ClCompile Include="graphics.cpp">
      <Filter>framework</Filter>
    </ClCompile>
    <ClCompile Include="maths.cpp">
      <Filter>framework</Filter>
    </ClCompile>
    <ClCompile Include="memory.cpp">
      <Filter>framework</Filter>
    </ClCompile>
    <ClCompile Include="env.cpp" />
    <ClCompile Include="weather.cpp">
      <Filter>gamework</Filter>
    </ClCompile>
    <ClCompile Include="factions.cpp" />
    <ClCompile Include="input.cpp" />
    <ClCompile Include="Transform.cpp">
      <Filter>framework</Filter>
    </ClCompile>
    <ClCompile Include="test_zone.cpp" />
    <ClCompile Include="archive.cpp">
      <Filter>framework</Filter>
    </ClCompile>
    <ClCompile Include="objects_items.cpp">
      <Filter>gamework</Filter>
    </ClCompile>
    <ClCompile Include="audio.cpp">
      <Filter>framework</Filter>
    </ClCompile>
    <ClCompile Include="objects_entities.cpp">
      <Filter>gamework</Filter>
    </ClCompile>
    <ClCompile Include="main.cpp" />
    <ClCompile Include="network.cpp">
      <Filter>framework</Filter>
    </ClCompile>
    <ClCompile Include="archive_read_write.cpp">
      <Filter>framework</Filter>
    </ClCompile>
    <ClCompile Include="collision.cpp">
      <Filter>framework</Filter>
    </ClCompile>
    <ClCompile Include="core.cpp">
      <Filter>gamework</Filter>
    </ClCompile>
    <ClCompile Include="core_save_load.cpp">
      <Filter>gamework</Filter>
    </ClCompile>
    <ClCompile Include="index.cpp">
      <Filter>gamework</Filter>
    </ClCompile>
    <ClCompile Include="objects_statics.cpp">
      <Filter>gamework</Filter>
    </ClCompile>
  </ItemGroup>
</Project>